
Microsoft Visual Studio Solution File, Format Version 12.00
# Visual Studio 15
VisualStudioVersion = 15.0.28306.52
MinimumVisualStudioVersion = 10.0.40219.1
Project("{FAE04EC0-301F-11D3-BF4B-00C04F79EFBC}") = "file-host-download-client", "file-host-download-client\file-host-download-client.csproj", "{4AC74ACB-C974-4164-AA92-BA52BC13BAB1}"
EndProject
Global
	GlobalSection(SolutionConfigurationPlatforms) = preSolution
		Debug|Any CPU = Debug|Any CPU
		Release|Any CPU = Release|Any CPU
	EndGlobalSection
	GlobalSection(ProjectConfigurationPlatforms) = postSolution
		{4AC74ACB-C974-4164-AA92-BA52BC13BAB1}.Debug|Any CPU.ActiveCfg = Debug|Any CPU
		{4AC74ACB-C974-4164-AA92-BA52BC13BAB1}.Debug|Any CPU.Build.0 = Debug|Any CPU
		{4AC74ACB-C974-4164-AA92-BA52BC13BAB1}.Release|Any CPU.ActiveCfg = Release|Any CPU
		{4AC74ACB-C974-4164-AA92-BA52BC13BAB1}.Release|Any CPU.Build.0 = Release|Any CPU
	EndGlobalSection
	GlobalSection(SolutionProperties) = preSolution
		HideSolutionNode = FALSE
	EndGlobalSection
	GlobalSection(ExtensibilityGlobals) = postSolution
		SolutionGuid = {AECACD1E-9F00-4A73-A48B-8B199226B742}
	EndGlobalSection
EndGlobal
